
Microsoft Visual Studio Solution File, Format Version 12.00
# Visual Studio Version 16
VisualStudioVersion = 16.0.29324.140
MinimumVisualStudioVersion = 10.0.40219.1
Project("{8BC9CEB8-8B4A-11D0-8D11-00A0C91BC942}") = "File_Read_Write", "File_Read_Write\File_Read_Write.vcxproj", "{D70B643F-7D34-46E1-AC78-503093B3C59F}"
EndProject
Global
	GlobalSection(SolutionConfigurationPlatforms) = preSolution
		Debug|x64 = Debug|x64
		Debug|x86 = Debug|x86
		Release|x64 = Release|x64
		Release|x86 = Release|x86
	EndGlobalSection
	GlobalSection(ProjectConfigurationPlatforms) = postSolution
		{D70B643F-7D34-46E1-AC78-503093B3C59F}.Debug|x64.ActiveCfg = Debug|x64
		{D70B643F-7D34-46E1-AC78-503093B3C59F}.Debug|x64.Build.0 = Debug|x64
		{D70B643F-7D34-46E1-AC78-503093B3C59F}.Debug|x86.ActiveCfg = Debug|Win32
		{D70B643F-7D34-46E1-AC78-503093B3C59F}.Debug|x86.Build.0 = Debug|Win32
		{D70B643F-7D34-46E1-AC78-503093B3C59F}.Release|x64.ActiveCfg = Release|x64
		{D70B643F-7D34-46E1-AC78-503093B3C59F}.Release|x64.Build.0 = Release|x64
		{D70B643F-7D34-46E1-AC78-503093B3C59F}.Release|x86.ActiveCfg = Release|Win32
		{D70B643F-7D34-46E1-AC78-503093B3C59F}.Release|x86.Build.0 = Release|Win32
	EndGlobalSection
	GlobalSection(SolutionProperties) = preSolution
		HideSolutionNode = FALSE
	EndGlobalSection
	GlobalSection(ExtensibilityGlobals) = postSolution
		SolutionGuid = {78CECCE8-EAE4-400E-92DC-E7CBDECD1BB5}
	EndGlobalSection
EndGlobal
