
Microsoft Visual Studio Solution File, Format Version 12.00
# Visual Studio Version 16
VisualStudioVersion = 16.0.29306.81
MinimumVisualStudioVersion = 10.0.40219.1
Project("{8BC9CEB8-8B4A-11D0-8D11-00A0C91BC942}") = "WMCPDATAC", "WMCPDATAC\WMCPDATAC.vcxproj", "{ED1F1E23-A5B6-4CB3-B5DB-E6AD041BD531}"
EndProject
Project("{8BC9CEB8-8B4A-11D0-8D11-00A0C91BC942}") = "WMCPDATAS", "WMCPDATAS\WMCPDATAS.vcxproj", "{E39AAF99-EB28-4F31-ACE2-B0EC120DE801}"
EndProject
Global
	GlobalSection(SolutionConfigurationPlatforms) = preSolution
		Debug|x64 = Debug|x64
		Debug|x86 = Debug|x86
		Release|x64 = Release|x64
		Release|x86 = Release|x86
	EndGlobalSection
	GlobalSection(ProjectConfigurationPlatforms) = postSolution
		{ED1F1E23-A5B6-4CB3-B5DB-E6AD041BD531}.Debug|x64.ActiveCfg = Debug|x64
		{ED1F1E23-A5B6-4CB3-B5DB-E6AD041BD531}.Debug|x64.Build.0 = Debug|x64
		{ED1F1E23-A5B6-4CB3-B5DB-E6AD041BD531}.Debug|x86.ActiveCfg = Debug|Win32
		{ED1F1E23-A5B6-4CB3-B5DB-E6AD041BD531}.Debug|x86.Build.0 = Debug|Win32
		{ED1F1E23-A5B6-4CB3-B5DB-E6AD041BD531}.Release|x64.ActiveCfg = Release|x64
		{ED1F1E23-A5B6-4CB3-B5DB-E6AD041BD531}.Release|x64.Build.0 = Release|x64
		{ED1F1E23-A5B6-4CB3-B5DB-E6AD041BD531}.Release|x86.ActiveCfg = Release|Win32
		{ED1F1E23-A5B6-4CB3-B5DB-E6AD041BD531}.Release|x86.Build.0 = Release|Win32
		{E39AAF99-EB28-4F31-ACE2-B0EC120DE801}.Debug|x64.ActiveCfg = Debug|x64
		{E39AAF99-EB28-4F31-ACE2-B0EC120DE801}.Debug|x64.Build.0 = Debug|x64
		{E39AAF99-EB28-4F31-ACE2-B0EC120DE801}.Debug|x86.ActiveCfg = Debug|Win32
		{E39AAF99-EB28-4F31-ACE2-B0EC120DE801}.Debug|x86.Build.0 = Debug|Win32
		{E39AAF99-EB28-4F31-ACE2-B0EC120DE801}.Release|x64.ActiveCfg = Release|x64
		{E39AAF99-EB28-4F31-ACE2-B0EC120DE801}.Release|x64.Build.0 = Release|x64
		{E39AAF99-EB28-4F31-ACE2-B0EC120DE801}.Release|x86.ActiveCfg = Release|Win32
		{E39AAF99-EB28-4F31-ACE2-B0EC120DE801}.Release|x86.Build.0 = Release|Win32
	EndGlobalSection
	GlobalSection(SolutionProperties) = preSolution
		HideSolutionNode = FALSE
	EndGlobalSection
	GlobalSection(ExtensibilityGlobals) = postSolution
		SolutionGuid = {130ED56A-25F6-43B3-9D9F-859DD621F3E0}
	EndGlobalSection
EndGlobal
