
Microsoft Visual Studio Solution File, Format Version 12.00
# Visual Studio Version 16
VisualStudioVersion = 16.0.29411.108
MinimumVisualStudioVersion = 10.0.40219.1
Project("{8BC9CEB8-8B4A-11D0-8D11-00A0C91BC942}") = "Win_Directory_Change_notifications", "Win_Directory_Change_notifications.vcxproj", "{62BE51BC-E71B-43F6-9C7D-F16C13852DD9}"
EndProject
Global
	GlobalSection(SolutionConfigurationPlatforms) = preSolution
		Debug|x64 = Debug|x64
		Debug|x86 = Debug|x86
		Release|x64 = Release|x64
		Release|x86 = Release|x86
	EndGlobalSection
	GlobalSection(ProjectConfigurationPlatforms) = postSolution
		{62BE51BC-E71B-43F6-9C7D-F16C13852DD9}.Debug|x64.ActiveCfg = Debug|x64
		{62BE51BC-E71B-43F6-9C7D-F16C13852DD9}.Debug|x64.Build.0 = Debug|x64
		{62BE51BC-E71B-43F6-9C7D-F16C13852DD9}.Debug|x86.ActiveCfg = Debug|Win32
		{62BE51BC-E71B-43F6-9C7D-F16C13852DD9}.Debug|x86.Build.0 = Debug|Win32
		{62BE51BC-E71B-43F6-9C7D-F16C13852DD9}.Release|x64.ActiveCfg = Release|x64
		{62BE51BC-E71B-43F6-9C7D-F16C13852DD9}.Release|x64.Build.0 = Release|x64
		{62BE51BC-E71B-43F6-9C7D-F16C13852DD9}.Release|x86.ActiveCfg = Release|Win32
		{62BE51BC-E71B-43F6-9C7D-F16C13852DD9}.Release|x86.Build.0 = Release|Win32
	EndGlobalSection
	GlobalSection(SolutionProperties) = preSolution
		HideSolutionNode = FALSE
	EndGlobalSection
	GlobalSection(ExtensibilityGlobals) = postSolution
		SolutionGuid = {EE2EFD32-321E-4B27-AE2C-4221EA150B98}
	EndGlobalSection
EndGlobal
