
Microsoft Visual Studio Solution File, Format Version 12.00
# Visual Studio Version 16
VisualStudioVersion = 16.0.29411.108
MinimumVisualStudioVersion = 10.0.40219.1
Project("{8BC9CEB8-8B4A-11D0-8D11-00A0C91BC942}") = "Win_CURL_WebPass_Enum", "Win_CURL_WebPass_Enum.vcxproj", "{780B216A-9C0E-40D9-9B6C-CD476A7F1550}"
EndProject
Global
	GlobalSection(SolutionConfigurationPlatforms) = preSolution
		Debug|x64 = Debug|x64
		Debug|x86 = Debug|x86
		Release|x64 = Release|x64
		Release|x86 = Release|x86
	EndGlobalSection
	GlobalSection(ProjectConfigurationPlatforms) = postSolution
		{780B216A-9C0E-40D9-9B6C-CD476A7F1550}.Debug|x64.ActiveCfg = Debug|x64
		{780B216A-9C0E-40D9-9B6C-CD476A7F1550}.Debug|x64.Build.0 = Debug|x64
		{780B216A-9C0E-40D9-9B6C-CD476A7F1550}.Debug|x86.ActiveCfg = Debug|Win32
		{780B216A-9C0E-40D9-9B6C-CD476A7F1550}.Debug|x86.Build.0 = Debug|Win32
		{780B216A-9C0E-40D9-9B6C-CD476A7F1550}.Release|x64.ActiveCfg = Release|x64
		{780B216A-9C0E-40D9-9B6C-CD476A7F1550}.Release|x64.Build.0 = Release|x64
		{780B216A-9C0E-40D9-9B6C-CD476A7F1550}.Release|x86.ActiveCfg = Release|Win32
		{780B216A-9C0E-40D9-9B6C-CD476A7F1550}.Release|x86.Build.0 = Release|Win32
	EndGlobalSection
	GlobalSection(SolutionProperties) = preSolution
		HideSolutionNode = FALSE
	EndGlobalSection
	GlobalSection(ExtensibilityGlobals) = postSolution
		SolutionGuid = {C73C3105-AF82-413D-9C6E-5DEECF219DB1}
	EndGlobalSection
EndGlobal
