
Microsoft Visual Studio Solution File, Format Version 12.00
# Visual Studio Version 16
VisualStudioVersion = 16.0.29306.81
MinimumVisualStudioVersion = 10.0.40219.1
Project("{8BC9CEB8-8B4A-11D0-8D11-00A0C91BC942}") = "libcurlTest", "libcurlTest.vcxproj", "{6AD5EE63-8A96-4747-AF0E-7AFA215C4C20}"
EndProject
Global
	GlobalSection(SolutionConfigurationPlatforms) = preSolution
		Debug|x64 = Debug|x64
		Debug|x86 = Debug|x86
		Release|x64 = Release|x64
		Release|x86 = Release|x86
	EndGlobalSection
	GlobalSection(ProjectConfigurationPlatforms) = postSolution
		{6AD5EE63-8A96-4747-AF0E-7AFA215C4C20}.Debug|x64.ActiveCfg = Debug|x64
		{6AD5EE63-8A96-4747-AF0E-7AFA215C4C20}.Debug|x64.Build.0 = Debug|x64
		{6AD5EE63-8A96-4747-AF0E-7AFA215C4C20}.Debug|x86.ActiveCfg = Debug|Win32
		{6AD5EE63-8A96-4747-AF0E-7AFA215C4C20}.Debug|x86.Build.0 = Debug|Win32
		{6AD5EE63-8A96-4747-AF0E-7AFA215C4C20}.Release|x64.ActiveCfg = Release|x64
		{6AD5EE63-8A96-4747-AF0E-7AFA215C4C20}.Release|x64.Build.0 = Release|x64
		{6AD5EE63-8A96-4747-AF0E-7AFA215C4C20}.Release|x86.ActiveCfg = Release|Win32
		{6AD5EE63-8A96-4747-AF0E-7AFA215C4C20}.Release|x86.Build.0 = Release|Win32
	EndGlobalSection
	GlobalSection(SolutionProperties) = preSolution
		HideSolutionNode = FALSE
	EndGlobalSection
	GlobalSection(ExtensibilityGlobals) = postSolution
		SolutionGuid = {0B392553-F886-4D0F-B9A4-F6CC25FA9783}
	EndGlobalSection
EndGlobal
