
Microsoft Visual Studio Solution File, Format Version 12.00
# Visual Studio Version 16
VisualStudioVersion = 16.0.29306.81
MinimumVisualStudioVersion = 10.0.40219.1
Project("{8BC9CEB8-8B4A-11D0-8D11-00A0C91BC942}") = "JudgeHostByteOrder", "JudgeHostByteOrder.vcxproj", "{B0C12DD7-B379-4472-89D5-D0FFB523A548}"
EndProject
Project("{8BC9CEB8-8B4A-11D0-8D11-00A0C91BC942}") = "JudgeHostByteOrder2", "..\JudgeHostByteOrder2\JudgeHostByteOrder2.vcxproj", "{7A29B6EA-E994-422D-886A-D0C0317DA47E}"
EndProject
Global
	GlobalSection(SolutionConfigurationPlatforms) = preSolution
		Debug|x64 = Debug|x64
		Debug|x86 = Debug|x86
		Release|x64 = Release|x64
		Release|x86 = Release|x86
	EndGlobalSection
	GlobalSection(ProjectConfigurationPlatforms) = postSolution
		{B0C12DD7-B379-4472-89D5-D0FFB523A548}.Debug|x64.ActiveCfg = Debug|x64
		{B0C12DD7-B379-4472-89D5-D0FFB523A548}.Debug|x64.Build.0 = Debug|x64
		{B0C12DD7-B379-4472-89D5-D0FFB523A548}.Debug|x86.ActiveCfg = Debug|Win32
		{B0C12DD7-B379-4472-89D5-D0FFB523A548}.Debug|x86.Build.0 = Debug|Win32
		{B0C12DD7-B379-4472-89D5-D0FFB523A548}.Release|x64.ActiveCfg = Release|x64
		{B0C12DD7-B379-4472-89D5-D0FFB523A548}.Release|x64.Build.0 = Release|x64
		{B0C12DD7-B379-4472-89D5-D0FFB523A548}.Release|x86.ActiveCfg = Release|Win32
		{B0C12DD7-B379-4472-89D5-D0FFB523A548}.Release|x86.Build.0 = Release|Win32
		{7A29B6EA-E994-422D-886A-D0C0317DA47E}.Debug|x64.ActiveCfg = Debug|x64
		{7A29B6EA-E994-422D-886A-D0C0317DA47E}.Debug|x64.Build.0 = Debug|x64
		{7A29B6EA-E994-422D-886A-D0C0317DA47E}.Debug|x86.ActiveCfg = Debug|Win32
		{7A29B6EA-E994-422D-886A-D0C0317DA47E}.Debug|x86.Build.0 = Debug|Win32
		{7A29B6EA-E994-422D-886A-D0C0317DA47E}.Release|x64.ActiveCfg = Release|x64
		{7A29B6EA-E994-422D-886A-D0C0317DA47E}.Release|x64.Build.0 = Release|x64
		{7A29B6EA-E994-422D-886A-D0C0317DA47E}.Release|x86.ActiveCfg = Release|Win32
		{7A29B6EA-E994-422D-886A-D0C0317DA47E}.Release|x86.Build.0 = Release|Win32
	EndGlobalSection
	GlobalSection(SolutionProperties) = preSolution
		HideSolutionNode = FALSE
	EndGlobalSection
	GlobalSection(ExtensibilityGlobals) = postSolution
		SolutionGuid = {49628DC5-7552-4B6C-AEBC-7ABCDEC2F8A5}
	EndGlobalSection
EndGlobal
